
Microsoft Visual Studio Solution File, Format Version 12.00
# Visual Studio Version 16
VisualStudioVersion = 16.0.30523.141
MinimumVisualStudioVersion = 10.0.40219.1
Project("{9A19103F-16F7-4668-BE54-9A1E7A4F7556}") = "Project.TechnoStore.Data", "Project.TechnoStore.Data\Project.TechnoStore.Data.csproj", "{02DA7FC9-3BA1-4FD2-A81F-218929959866}"
EndProject
Project("{9A19103F-16F7-4668-BE54-9A1E7A4F7556}") = "Project.TechnoStore.Entities", "Project.TechnoStore.Entities\Project.TechnoStore.Entities.csproj", "{FB524222-A29C-4EC9-A85C-328CE2DC545F}"
EndProject
Project("{9A19103F-16F7-4668-BE54-9A1E7A4F7556}") = "Project.TechnoStore.Business", "Project.TechnoStore.Business\Project.TechnoStore.Business.csproj", "{C6A10022-5E79-469A-9C96-8352959C4DCC}"
EndProject
Project("{9A19103F-16F7-4668-BE54-9A1E7A4F7556}") = "Project.TechnoStore.Web", "Project.TechnoStore.Web\Project.TechnoStore.Web.csproj", "{89F4324B-12C8-450C-9927-0DACB541A0E0}"
EndProject
Global
	GlobalSection(SolutionConfigurationPlatforms) = preSolution
		Debug|Any CPU = Debug|Any CPU
		Release|Any CPU = Release|Any CPU
	EndGlobalSection
	GlobalSection(ProjectConfigurationPlatforms) = postSolution
		{02DA7FC9-3BA1-4FD2-A81F-218929959866}.Debug|Any CPU.ActiveCfg = Debug|Any CPU
		{02DA7FC9-3BA1-4FD2-A81F-218929959866}.Debug|Any CPU.Build.0 = Debug|Any CPU
		{02DA7FC9-3BA1-4FD2-A81F-218929959866}.Release|Any CPU.ActiveCfg = Release|Any CPU
		{02DA7FC9-3BA1-4FD2-A81F-218929959866}.Release|Any CPU.Build.0 = Release|Any CPU
		{FB524222-A29C-4EC9-A85C-328CE2DC545F}.Debug|Any CPU.ActiveCfg = Debug|Any CPU
		{FB524222-A29C-4EC9-A85C-328CE2DC545F}.Debug|Any CPU.Build.0 = Debug|Any CPU
		{FB524222-A29C-4EC9-A85C-328CE2DC545F}.Release|Any CPU.ActiveCfg = Release|Any CPU
		{FB524222-A29C-4EC9-A85C-328CE2DC545F}.Release|Any CPU.Build.0 = Release|Any CPU
		{C6A10022-5E79-469A-9C96-8352959C4DCC}.Debug|Any CPU.ActiveCfg = Debug|Any CPU
		{C6A10022-5E79-469A-9C96-8352959C4DCC}.Debug|Any CPU.Build.0 = Debug|Any CPU
		{C6A10022-5E79-469A-9C96-8352959C4DCC}.Release|Any CPU.ActiveCfg = Release|Any CPU
		{C6A10022-5E79-469A-9C96-8352959C4DCC}.Release|Any CPU.Build.0 = Release|Any CPU
		{89F4324B-12C8-450C-9927-0DACB541A0E0}.Debug|Any CPU.ActiveCfg = Debug|Any CPU
		{89F4324B-12C8-450C-9927-0DACB541A0E0}.Debug|Any CPU.Build.0 = Debug|Any CPU
		{89F4324B-12C8-450C-9927-0DACB541A0E0}.Release|Any CPU.ActiveCfg = Release|Any CPU
		{89F4324B-12C8-450C-9927-0DACB541A0E0}.Release|Any CPU.Build.0 = Release|Any CPU
	EndGlobalSection
	GlobalSection(SolutionProperties) = preSolution
		HideSolutionNode = FALSE
	EndGlobalSection
	GlobalSection(ExtensibilityGlobals) = postSolution
		SolutionGuid = {ACA036FE-A3A5-435D-86EE-10D0EEAF8C4E}
	EndGlobalSection
EndGlobal
